
Microsoft Visual Studio Solution File, Format Version 12.00
# Visual Studio Version 17
VisualStudioVersion = 17.3.32901.215
MinimumVisualStudioVersion = 10.0.40219.1
Project("{FAE04EC0-301F-11D3-BF4B-00C04F79EFBC}") = "SEMINAR_09", "SEMINAR_09\SEMINAR_09.csproj", "{F7625DF6-EC8C-4388-9125-5BE3E46DD364}"
EndProject
Global
	GlobalSection(SolutionConfigurationPlatforms) = preSolution
		Debug|Any CPU = Debug|Any CPU
		Release|Any CPU = Release|Any CPU
	EndGlobalSection
	GlobalSection(ProjectConfigurationPlatforms) = postSolution
		{F7625DF6-EC8C-4388-9125-5BE3E46DD364}.Debug|Any CPU.ActiveCfg = Debug|Any CPU
		{F7625DF6-EC8C-4388-9125-5BE3E46DD364}.Debug|Any CPU.Build.0 = Debug|Any CPU
		{F7625DF6-EC8C-4388-9125-5BE3E46DD364}.Release|Any CPU.ActiveCfg = Release|Any CPU
		{F7625DF6-EC8C-4388-9125-5BE3E46DD364}.Release|Any CPU.Build.0 = Release|Any CPU
	EndGlobalSection
	GlobalSection(SolutionProperties) = preSolution
		HideSolutionNode = FALSE
	EndGlobalSection
	GlobalSection(ExtensibilityGlobals) = postSolution
		SolutionGuid = {701849AB-28C1-49BA-B597-0B42C8761114}
	EndGlobalSection
EndGlobal
